
Microsoft Visual Studio Solution File, Format Version 12.00
# Visual Studio 15
VisualStudioVersion = 15.0.26124.0
MinimumVisualStudioVersion = 15.0.26124.0
Project("{FAE04EC0-301F-11D3-BF4B-00C04F79EFBC}") = "Domain", "domain\Domain.csproj", "{16FF24E5-1BFF-4740-B466-DA4A1E611F95}"
EndProject
Project("{FAE04EC0-301F-11D3-BF4B-00C04F79EFBC}") = "API", "api\API.csproj", "{8C32FBC4-7BFD-44D2-86FB-0ADA86A02C6C}"
EndProject
Project("{FAE04EC0-301F-11D3-BF4B-00C04F79EFBC}") = "Application", "application\Application.csproj", "{5BAB445D-D86C-4F06-A849-C3C8560CA60B}"
EndProject
Project("{FAE04EC0-301F-11D3-BF4B-00C04F79EFBC}") = "Persistence", "Persistence\Persistence.csproj", "{C4DE0F93-4908-4F8C-8748-A2C22AECB76A}"
EndProject
Global
	GlobalSection(SolutionConfigurationPlatforms) = preSolution
		Debug|Any CPU = Debug|Any CPU
		Debug|x64 = Debug|x64
		Debug|x86 = Debug|x86
		Release|Any CPU = Release|Any CPU
		Release|x64 = Release|x64
		Release|x86 = Release|x86
	EndGlobalSection
	GlobalSection(SolutionProperties) = preSolution
		HideSolutionNode = FALSE
	EndGlobalSection
	GlobalSection(ProjectConfigurationPlatforms) = postSolution
		{16FF24E5-1BFF-4740-B466-DA4A1E611F95}.Debug|Any CPU.ActiveCfg = Debug|Any CPU
		{16FF24E5-1BFF-4740-B466-DA4A1E611F95}.Debug|Any CPU.Build.0 = Debug|Any CPU
		{16FF24E5-1BFF-4740-B466-DA4A1E611F95}.Debug|x64.ActiveCfg = Debug|Any CPU
		{16FF24E5-1BFF-4740-B466-DA4A1E611F95}.Debug|x64.Build.0 = Debug|Any CPU
		{16FF24E5-1BFF-4740-B466-DA4A1E611F95}.Debug|x86.ActiveCfg = Debug|Any CPU
		{16FF24E5-1BFF-4740-B466-DA4A1E611F95}.Debug|x86.Build.0 = Debug|Any CPU
		{16FF24E5-1BFF-4740-B466-DA4A1E611F95}.Release|Any CPU.ActiveCfg = Release|Any CPU
		{16FF24E5-1BFF-4740-B466-DA4A1E611F95}.Release|Any CPU.Build.0 = Release|Any CPU
		{16FF24E5-1BFF-4740-B466-DA4A1E611F95}.Release|x64.ActiveCfg = Release|Any CPU
		{16FF24E5-1BFF-4740-B466-DA4A1E611F95}.Release|x64.Build.0 = Release|Any CPU
		{16FF24E5-1BFF-4740-B466-DA4A1E611F95}.Release|x86.ActiveCfg = Release|Any CPU
		{16FF24E5-1BFF-4740-B466-DA4A1E611F95}.Release|x86.Build.0 = Release|Any CPU
		{8C32FBC4-7BFD-44D2-86FB-0ADA86A02C6C}.Debug|Any CPU.ActiveCfg = Debug|Any CPU
		{8C32FBC4-7BFD-44D2-86FB-0ADA86A02C6C}.Debug|Any CPU.Build.0 = Debug|Any CPU
		{8C32FBC4-7BFD-44D2-86FB-0ADA86A02C6C}.Debug|x64.ActiveCfg = Debug|Any CPU
		{8C32FBC4-7BFD-44D2-86FB-0ADA86A02C6C}.Debug|x64.Build.0 = Debug|Any CPU
		{8C32FBC4-7BFD-44D2-86FB-0ADA86A02C6C}.Debug|x86.ActiveCfg = Debug|Any CPU
		{8C32FBC4-7BFD-44D2-86FB-0ADA86A02C6C}.Debug|x86.Build.0 = Debug|Any CPU
		{8C32FBC4-7BFD-44D2-86FB-0ADA86A02C6C}.Release|Any CPU.ActiveCfg = Release|Any CPU
		{8C32FBC4-7BFD-44D2-86FB-0ADA86A02C6C}.Release|Any CPU.Build.0 = Release|Any CPU
		{8C32FBC4-7BFD-44D2-86FB-0ADA86A02C6C}.Release|x64.ActiveCfg = Release|Any CPU
		{8C32FBC4-7BFD-44D2-86FB-0ADA86A02C6C}.Release|x64.Build.0 = Release|Any CPU
		{8C32FBC4-7BFD-44D2-86FB-0ADA86A02C6C}.Release|x86.ActiveCfg = Release|Any CPU
		{8C32FBC4-7BFD-44D2-86FB-0ADA86A02C6C}.Release|x86.Build.0 = Release|Any CPU
		{5BAB445D-D86C-4F06-A849-C3C8560CA60B}.Debug|Any CPU.ActiveCfg = Debug|Any CPU
		{5BAB445D-D86C-4F06-A849-C3C8560CA60B}.Debug|Any CPU.Build.0 = Debug|Any CPU
		{5BAB445D-D86C-4F06-A849-C3C8560CA60B}.Debug|x64.ActiveCfg = Debug|Any CPU
		{5BAB445D-D86C-4F06-A849-C3C8560CA60B}.Debug|x64.Build.0 = Debug|Any CPU
		{5BAB445D-D86C-4F06-A849-C3C8560CA60B}.Debug|x86.ActiveCfg = Debug|Any CPU
		{5BAB445D-D86C-4F06-A849-C3C8560CA60B}.Debug|x86.Build.0 = Debug|Any CPU
		{5BAB445D-D86C-4F06-A849-C3C8560CA60B}.Release|Any CPU.ActiveCfg = Release|Any CPU
		{5BAB445D-D86C-4F06-A849-C3C8560CA60B}.Release|Any CPU.Build.0 = Release|Any CPU
		{5BAB445D-D86C-4F06-A849-C3C8560CA60B}.Release|x64.ActiveCfg = Release|Any CPU
		{5BAB445D-D86C-4F06-A849-C3C8560CA60B}.Release|x64.Build.0 = Release|Any CPU
		{5BAB445D-D86C-4F06-A849-C3C8560CA60B}.Release|x86.ActiveCfg = Release|Any CPU
		{5BAB445D-D86C-4F06-A849-C3C8560CA60B}.Release|x86.Build.0 = Release|Any CPU
		{C4DE0F93-4908-4F8C-8748-A2C22AECB76A}.Debug|Any CPU.ActiveCfg = Debug|Any CPU
		{C4DE0F93-4908-4F8C-8748-A2C22AECB76A}.Debug|Any CPU.Build.0 = Debug|Any CPU
		{C4DE0F93-4908-4F8C-8748-A2C22AECB76A}.Debug|x64.ActiveCfg = Debug|Any CPU
		{C4DE0F93-4908-4F8C-8748-A2C22AECB76A}.Debug|x64.Build.0 = Debug|Any CPU
		{C4DE0F93-4908-4F8C-8748-A2C22AECB76A}.Debug|x86.ActiveCfg = Debug|Any CPU
		{C4DE0F93-4908-4F8C-8748-A2C22AECB76A}.Debug|x86.Build.0 = Debug|Any CPU
		{C4DE0F93-4908-4F8C-8748-A2C22AECB76A}.Release|Any CPU.ActiveCfg = Release|Any CPU
		{C4DE0F93-4908-4F8C-8748-A2C22AECB76A}.Release|Any CPU.Build.0 = Release|Any CPU
		{C4DE0F93-4908-4F8C-8748-A2C22AECB76A}.Release|x64.ActiveCfg = Release|Any CPU
		{C4DE0F93-4908-4F8C-8748-A2C22AECB76A}.Release|x64.Build.0 = Release|Any CPU
		{C4DE0F93-4908-4F8C-8748-A2C22AECB76A}.Release|x86.ActiveCfg = Release|Any CPU
		{C4DE0F93-4908-4F8C-8748-A2C22AECB76A}.Release|x86.Build.0 = Release|Any CPU
	EndGlobalSection
EndGlobal
